
Microsoft Visual Studio Solution File, Format Version 12.00
# Visual Studio Version 16
VisualStudioVersion = 16.0.30114.105
MinimumVisualStudioVersion = 10.0.40219.1
Project("{FAE04EC0-301F-11D3-BF4B-00C04F79EFBC}") = "DecimalCalculatorCh12", "DecimalCalculatorCh12\DecimalCalculatorCh12.csproj", "{8C0AEE61-AE8E-412C-916D-7F07FF126EB0}"
EndProject
Global
	GlobalSection(SolutionConfigurationPlatforms) = preSolution
		Debug|Any CPU = Debug|Any CPU
		Release|Any CPU = Release|Any CPU
	EndGlobalSection
	GlobalSection(ProjectConfigurationPlatforms) = postSolution
		{8C0AEE61-AE8E-412C-916D-7F07FF126EB0}.Debug|Any CPU.ActiveCfg = Debug|Any CPU
		{8C0AEE61-AE8E-412C-916D-7F07FF126EB0}.Debug|Any CPU.Build.0 = Debug|Any CPU
		{8C0AEE61-AE8E-412C-916D-7F07FF126EB0}.Release|Any CPU.ActiveCfg = Release|Any CPU
		{8C0AEE61-AE8E-412C-916D-7F07FF126EB0}.Release|Any CPU.Build.0 = Release|Any CPU
	EndGlobalSection
	GlobalSection(SolutionProperties) = preSolution
		HideSolutionNode = FALSE
	EndGlobalSection
	GlobalSection(ExtensibilityGlobals) = postSolution
		SolutionGuid = {B0985BAB-475B-4988-AE0C-2ECF3264A98D}
	EndGlobalSection
EndGlobal
